
Microsoft Visual Studio Solution File, Format Version 12.00
# Visual Studio Version 17
VisualStudioVersion = 17.0.32112.339
MinimumVisualStudioVersion = 10.0.40219.1
Project("{FAE04EC0-301F-11D3-BF4B-00C04F79EFBC}") = "AutomationApplication_2", "AutomationApplication_2\AutomationApplication_2.csproj", "{CB10AA25-2EA0-472C-8F25-6F7F3020620C}"
EndProject
Global
	GlobalSection(SolutionConfigurationPlatforms) = preSolution
		Debug|Any CPU = Debug|Any CPU
		Release|Any CPU = Release|Any CPU
	EndGlobalSection
	GlobalSection(ProjectConfigurationPlatforms) = postSolution
		{CB10AA25-2EA0-472C-8F25-6F7F3020620C}.Debug|Any CPU.ActiveCfg = Debug|Any CPU
		{CB10AA25-2EA0-472C-8F25-6F7F3020620C}.Debug|Any CPU.Build.0 = Debug|Any CPU
		{CB10AA25-2EA0-472C-8F25-6F7F3020620C}.Release|Any CPU.ActiveCfg = Release|Any CPU
		{CB10AA25-2EA0-472C-8F25-6F7F3020620C}.Release|Any CPU.Build.0 = Release|Any CPU
	EndGlobalSection
	GlobalSection(SolutionProperties) = preSolution
		HideSolutionNode = FALSE
	EndGlobalSection
	GlobalSection(ExtensibilityGlobals) = postSolution
		SolutionGuid = {BEB2CB85-65CA-419B-AAE8-5975F4C13483}
	EndGlobalSection
EndGlobal
